
Microsoft Visual Studio Solution File, Format Version 12.00
# Visual Studio Version 17
VisualStudioVersion = 17.3.32922.545
MinimumVisualStudioVersion = 10.0.40219.1
Project("{FAE04EC0-301F-11D3-BF4B-00C04F79EFBC}") = "mad-libs", "mad-libs\mad-libs.csproj", "{90890E17-00C8-4B92-8146-E1EACEF99B41}"
EndProject
Global
	GlobalSection(SolutionConfigurationPlatforms) = preSolution
		Debug|Any CPU = Debug|Any CPU
		Release|Any CPU = Release|Any CPU
	EndGlobalSection
	GlobalSection(ProjectConfigurationPlatforms) = postSolution
		{90890E17-00C8-4B92-8146-E1EACEF99B41}.Debug|Any CPU.ActiveCfg = Debug|Any CPU
		{90890E17-00C8-4B92-8146-E1EACEF99B41}.Debug|Any CPU.Build.0 = Debug|Any CPU
		{90890E17-00C8-4B92-8146-E1EACEF99B41}.Release|Any CPU.ActiveCfg = Release|Any CPU
		{90890E17-00C8-4B92-8146-E1EACEF99B41}.Release|Any CPU.Build.0 = Release|Any CPU
	EndGlobalSection
	GlobalSection(SolutionProperties) = preSolution
		HideSolutionNode = FALSE
	EndGlobalSection
	GlobalSection(ExtensibilityGlobals) = postSolution
		SolutionGuid = {AB02B7E2-C7E1-4F20-8E6E-AE3A942B5AEB}
	EndGlobalSection
EndGlobal
